hash: 0bd1ddd8decf20ee37a025811a3600c07f2f5058eb89335da6aefe2d3428a2da
updated: 2017-10-05T20:54:54.3493247Z
imports:
- name: github.com/alecthomas/kingpin
  version: a328427ab7d619fe3c8d16a0da66899d03d5afae
  repo: https://github.com/clarsonneur/kingpin
- name: github.com/alecthomas/template
  version: a0175ee3bccc567396460bf5acd36800cb10c49c
  subpackages:
  - parse
- name: github.com/alecthomas/units
  version: 2efee857e7cfd4f3d0138cc3cbb1b4966962b93a
- name: github.com/fatih/color
  version: 5df930a27be2502f99b292b7cc09ebad4d0891f4
- name: github.com/forj-oss/forjj-modules
  version: 1b3239fb04428ea28686a23e6dd6974226837ebf
  subpackages:
  - cli
  - cli/interface
  - cli/kingpinCli
  - cli/tools
  - trace
- name: github.com/forj-oss/goforjj
  version: 9ce2360d335cbdf9fd22dd90c2355904d9b15810
- name: github.com/kr/text
  version: 7cafcd837844e784b526369c9bce262804aebc60
- name: github.com/kvz/logstreamer
  version: a635b98146f0f465f3413a0b8ec481f3698d3fc2
- name: github.com/mattn/go-colorable
  version: 5411d3eea5978e6cdc258b30de592b60df6aba96
  repo: https://github.com/mattn/go-colorable
- name: github.com/mattn/go-isatty
  version: 57fdcb988a5c543893cc61bce354a6e24ab70022
  repo: https://github.com/mattn/go-isatty
- name: github.com/moul/http2curl
  version: 9ac6cf4d929b2fa8fd2d2e6dec5bb0feb4f4911d
- name: github.com/parnurzeal/gorequest
  version: a578a48e8d6ca8b01a3b18314c43c6716bb5f5a3
- name: github.com/pkg/errors
  version: 2b3a18b5f0fb6b4f9190549597d3f962c02bc5eb
- name: golang.org/x/net
  version: a04bdaca5b32abe1c069418fb7088ae607de5bd0
  subpackages:
  - proxy
  - publicsuffix
- name: golang.org/x/sys
  version: e24f485414aeafb646f6fca458b0bf869c0880a1
  repo: https://go.googlesource.com/sys
  subpackages:
  - unix
- name: gopkg.in/alecthomas/kingpin.v2
  version: 1087e65c9441605df944fb12c33f0fe7072d18ca
- name: gopkg.in/yaml.v2
  version: eb3733d160e74a9c7e442f435eb3bea458e1d19f
testImports: []
